Microsoft Visual Studio Solution File, Format Version 12.00
# Visual Studio Version 16
VisualStudioVersion = 16.0.29418.71
MinimumVisualStudioVersion = 10.0.40219.1
Project("{FAE04EC0-301F-11D3-BF4B-00C04F79EFBC}") = "SSUtility2", "SSUtility2\SSUtility2.csproj", "{F84B85DB-F1C8-441B-B61B-F21C814D7215}"
EndProject
Project("{FAE04EC0-301F-11D3-BF4B-00C04F79EFBC}") = "SizeablePanel", "..\SizeablePanel\SizeablePanel\SizeablePanel.csproj", "{104A7E26-594E-4621-9AE7-0163BDCDE920}"
EndProject
Project("{FAE04EC0-301F-11D3-BF4B-00C04F79EFBC}") = "Joystick", "..\Joystick\Joystick\Joystick.csproj", "{AB940C90-1173-4155-81A8-BC2C56259810}"
EndProject
Project("{FAE04EC0-301F-11D3-BF4B-00C04F79EFBC}") = "EasyPlayer-RTSP.NetSDK", "..\EasyPlayerNetSDK\EasyPlayer-RTSP.NetSDK.csproj", "{4CCDF0E5-EEE4-45A6-A394-0B043B20E569}"
EndProject
Global
	GlobalSection(SolutionConfigurationPlatforms) = preSolution
		Debug|Any CPU = Debug|Any CPU
		Debug|x64 = Debug|x64
		Debug|x86 = Debug|x86
		Release|Any CPU = Release|Any CPU
		Release|x64 = Release|x64
		Release|x86 = Release|x86
	EndGlobalSection
	GlobalSection(ProjectConfigurationPlatforms) = postSolution
		{F84B85DB-F1C8-441B-B61B-F21C814D7215}.Debug|Any CPU.ActiveCfg = Debug|Any CPU
		{F84B85DB-F1C8-441B-B61B-F21C814D7215}.Debug|Any CPU.Build.0 = Debug|Any CPU
		{F84B85DB-F1C8-441B-B61B-F21C814D7215}.Debug|x64.ActiveCfg = Debug|Any CPU
		{F84B85DB-F1C8-441B-B61B-F21C814D7215}.Debug|x64.Build.0 = Debug|Any CPU
		{F84B85DB-F1C8-441B-B61B-F21C814D7215}.Debug|x86.ActiveCfg = Debug|x86
		{F84B85DB-F1C8-441B-B61B-F21C814D7215}.Debug|x86.Build.0 = Debug|x86
		{F84B85DB-F1C8-441B-B61B-F21C814D7215}.Release|Any CPU.ActiveCfg = Release|Any CPU
		{F84B85DB-F1C8-441B-B61B-F21C814D7215}.Release|Any CPU.Build.0 = Release|Any CPU
		{F84B85DB-F1C8-441B-B61B-F21C814D7215}.Release|x64.ActiveCfg = Release|Any CPU
		{F84B85DB-F1C8-441B-B61B-F21C814D7215}.Release|x64.Build.0 = Release|Any CPU
		{F84B85DB-F1C8-441B-B61B-F21C814D7215}.Release|x86.ActiveCfg = Release|x86
		{F84B85DB-F1C8-441B-B61B-F21C814D7215}.Release|x86.Build.0 = Release|x86
		{104A7E26-594E-4621-9AE7-0163BDCDE920}.Debug|Any CPU.ActiveCfg = Debug|Any CPU
		{104A7E26-594E-4621-9AE7-0163BDCDE920}.Debug|Any CPU.Build.0 = Debug|Any CPU
		{104A7E26-594E-4621-9AE7-0163BDCDE920}.Debug|x64.ActiveCfg = Debug|Any CPU
		{104A7E26-594E-4621-9AE7-0163BDCDE920}.Debug|x64.Build.0 = Debug|Any CPU
		{104A7E26-594E-4621-9AE7-0163BDCDE920}.Debug|x86.ActiveCfg = Debug|Any CPU
		{104A7E26-594E-4621-9AE7-0163BDCDE920}.Debug|x86.Build.0 = Debug|Any CPU
		{104A7E26-594E-4621-9AE7-0163BDCDE920}.Release|Any CPU.ActiveCfg = Release|Any CPU
		{104A7E26-594E-4621-9AE7-0163BDCDE920}.Release|Any CPU.Build.0 = Release|Any CPU
		{104A7E26-594E-4621-9AE7-0163BDCDE920}.Release|x64.ActiveCfg = Release|Any CPU
		{104A7E26-594E-4621-9AE7-0163BDCDE920}.Release|x64.Build.0 = Release|Any CPU
		{104A7E26-594E-4621-9AE7-0163BDCDE920}.Release|x86.ActiveCfg = Release|Any CPU
		{104A7E26-594E-4621-9AE7-0163BDCDE920}.Release|x86.Build.0 = Release|Any CPU
		{AB940C90-1173-4155-81A8-BC2C56259810}.Debug|Any CPU.ActiveCfg = Debug|Any CPU
		{AB940C90-1173-4155-81A8-BC2C56259810}.Debug|Any CPU.Build.0 = Debug|Any CPU
		{AB940C90-1173-4155-81A8-BC2C56259810}.Debug|x64.ActiveCfg = Debug|Any CPU
		{AB940C90-1173-4155-81A8-BC2C56259810}.Debug|x64.Build.0 = Debug|Any CPU
		{AB940C90-1173-4155-81A8-BC2C56259810}.Debug|x86.ActiveCfg = Debug|Any CPU
		{AB940C90-1173-4155-81A8-BC2C56259810}.Debug|x86.Build.0 = Debug|Any CPU
		{AB940C90-1173-4155-81A8-BC2C56259810}.Release|Any CPU.ActiveCfg = Release|Any CPU
		{AB940C90-1173-4155-81A8-BC2C56259810}.Release|Any CPU.Build.0 = Release|Any CPU
		{AB940C90-1173-4155-81A8-BC2C56259810}.Release|x64.ActiveCfg = Release|Any CPU
		{AB940C90-1173-4155-81A8-BC2C56259810}.Release|x64.Build.0 = Release|Any CPU
		{AB940C90-1173-4155-81A8-BC2C56259810}.Release|x86.ActiveCfg = Release|Any CPU
		{AB940C90-1173-4155-81A8-BC2C56259810}.Release|x86.Build.0 = Release|Any CPU
		{4CCDF0E5-EEE4-45A6-A394-0B043B20E569}.Debug|Any CPU.ActiveCfg = Debug|Any CPU
		{4CCDF0E5-EEE4-45A6-A394-0B043B20E569}.Debug|Any CPU.Build.0 = Debug|Any CPU
		{4CCDF0E5-EEE4-45A6-A394-0B043B20E569}.Debug|x64.ActiveCfg = Debug|Any CPU
		{4CCDF0E5-EEE4-45A6-A394-0B043B20E569}.Debug|x64.Build.0 = Debug|Any CPU
		{4CCDF0E5-EEE4-45A6-A394-0B043B20E569}.Debug|x86.ActiveCfg = Debug|Any CPU
		{4CCDF0E5-EEE4-45A6-A394-0B043B20E569}.Debug|x86.Build.0 = Debug|Any CPU
		{4CCDF0E5-EEE4-45A6-A394-0B043B20E569}.Release|Any CPU.ActiveCfg = Release|Any CPU
		{4CCDF0E5-EEE4-45A6-A394-0B043B20E569}.Release|Any CPU.Build.0 = Release|Any CPU
		{4CCDF0E5-EEE4-45A6-A394-0B043B20E569}.Release|x64.ActiveCfg = Release|Any CPU
		{4CCDF0E5-EEE4-45A6-A394-0B043B20E569}.Release|x64.Build.0 = Release|Any CPU
		{4CCDF0E5-EEE4-45A6-A394-0B043B20E569}.Release|x86.ActiveCfg = Release|Any CPU
		{4CCDF0E5-EEE4-45A6-A394-0B043B20E569}.Release|x86.Build.0 = Release|Any CPU
	EndGlobalSection
	GlobalSection(SolutionProperties) = preSolution
		HideSolutionNode = FALSE
	EndGlobalSection
	GlobalSection(ExtensibilityGlobals) = postSolution
		SolutionGuid = {DABB7BC6-4AA9-4381-A6E9-53C7A02BA46C}
	EndGlobalSection
EndGlobal
